
Microsoft Visual Studio Solution File, Format Version 12.00
# Visual Studio 15
VisualStudioVersion = 15.0.27703.2018
MinimumVisualStudioVersion = 10.0.40219.1
Project("{FAE04EC0-301F-11D3-BF4B-00C04F79EFBC}") = "MyStockAnalysis.Android", "MyStockAnalysis\MyStockAnalysis.Android\MyStockAnalysis.Android.csproj", "{E841F9EB-2E80-460E-AFA6-66B0955E1928}"
EndProject
Project("{FAE04EC0-301F-11D3-BF4B-00C04F79EFBC}") = "MyStockAnalysis.iOS", "MyStockAnalysis\MyStockAnalysis.iOS\MyStockAnalysis.iOS.csproj", "{72F09980-AAB7-493C-B70D-597A136616D4}"
EndProject
Project("{FAE04EC0-301F-11D3-BF4B-00C04F79EFBC}") = "MyStockAnalysis.UWP", "MyStockAnalysis\MyStockAnalysis.UWP\MyStockAnalysis.UWP.csproj", "{32630E1E-A949-46C0-B2BA-CFE741C4947E}"
EndProject
Project("{FAE04EC0-301F-11D3-BF4B-00C04F79EFBC}") = "MyStockAnalysis", "MyStockAnalysis\MyStockAnalysis\MyStockAnalysis.csproj", "{5A4C4EF1-28F8-4F8E-9DD9-70D5FDAF3188}"
EndProject
Global
	GlobalSection(SolutionConfigurationPlatforms) = preSolution
		Ad-Hoc|Any CPU = Ad-Hoc|Any CPU
		Ad-Hoc|ARM = Ad-Hoc|ARM
		Ad-Hoc|iPhone = Ad-Hoc|iPhone
		Ad-Hoc|iPhoneSimulator = Ad-Hoc|iPhoneSimulator
		Ad-Hoc|x64 = Ad-Hoc|x64
		Ad-Hoc|x86 = Ad-Hoc|x86
		AppStore|Any CPU = AppStore|Any CPU
		AppStore|ARM = AppStore|ARM
		AppStore|iPhone = AppStore|iPhone
		AppStore|iPhoneSimulator = AppStore|iPhoneSimulator
		AppStore|x64 = AppStore|x64
		AppStore|x86 = AppStore|x86
		Debug|Any CPU = Debug|Any CPU
		Debug|ARM = Debug|ARM
		Debug|iPhone = Debug|iPhone
		Debug|iPhoneSimulator = Debug|iPhoneSimulator
		Debug|x64 = Debug|x64
		Debug|x86 = Debug|x86
		Release|Any CPU = Release|Any CPU
		Release|ARM = Release|ARM
		Release|iPhone = Release|iPhone
		Release|iPhoneSimulator = Release|iPhoneSimulator
		Release|x64 = Release|x64
		Release|x86 = Release|x86
	EndGlobalSection
	GlobalSection(ProjectConfigurationPlatforms) = postSolution
		{E841F9EB-2E80-460E-AFA6-66B0955E1928}.Ad-Hoc|Any CPU.ActiveCfg = Release|Any CPU
		{E841F9EB-2E80-460E-AFA6-66B0955E1928}.Ad-Hoc|Any CPU.Build.0 = Release|Any CPU
		{E841F9EB-2E80-460E-AFA6-66B0955E1928}.Ad-Hoc|Any CPU.Deploy.0 = Release|Any CPU
		{E841F9EB-2E80-460E-AFA6-66B0955E1928}.Ad-Hoc|ARM.ActiveCfg = Release|Any CPU
		{E841F9EB-2E80-460E-AFA6-66B0955E1928}.Ad-Hoc|ARM.Build.0 = Release|Any CPU
		{E841F9EB-2E80-460E-AFA6-66B0955E1928}.Ad-Hoc|ARM.Deploy.0 = Release|Any CPU
		{E841F9EB-2E80-460E-AFA6-66B0955E1928}.Ad-Hoc|iPhone.ActiveCfg = Release|Any CPU
		{E841F9EB-2E80-460E-AFA6-66B0955E1928}.Ad-Hoc|iPhone.Build.0 = Release|Any CPU
		{E841F9EB-2E80-460E-AFA6-66B0955E1928}.Ad-Hoc|iPhone.Deploy.0 = Release|Any CPU
		{E841F9EB-2E80-460E-AFA6-66B0955E1928}.Ad-Hoc|iPhoneSimulator.ActiveCfg = Release|Any CPU
		{E841F9EB-2E80-460E-AFA6-66B0955E1928}.Ad-Hoc|iPhoneSimulator.Build.0 = Release|Any CPU
		{E841F9EB-2E80-460E-AFA6-66B0955E1928}.Ad-Hoc|iPhoneSimulator.Deploy.0 = Release|Any CPU
		{E841F9EB-2E80-460E-AFA6-66B0955E1928}.Ad-Hoc|x64.ActiveCfg = Release|Any CPU
		{E841F9EB-2E80-460E-AFA6-66B0955E1928}.Ad-Hoc|x64.Build.0 = Release|Any CPU
		{E841F9EB-2E80-460E-AFA6-66B0955E1928}.Ad-Hoc|x64.Deploy.0 = Release|Any CPU
		{E841F9EB-2E80-460E-AFA6-66B0955E1928}.Ad-Hoc|x86.ActiveCfg = Release|Any CPU
		{E841F9EB-2E80-460E-AFA6-66B0955E1928}.Ad-Hoc|x86.Build.0 = Release|Any CPU
		{E841F9EB-2E80-460E-AFA6-66B0955E1928}.Ad-Hoc|x86.Deploy.0 = Release|Any CPU
		{E841F9EB-2E80-460E-AFA6-66B0955E1928}.AppStore|Any CPU.ActiveCfg = Release|Any CPU
		{E841F9EB-2E80-460E-AFA6-66B0955E1928}.AppStore|Any CPU.Build.0 = Release|Any CPU
		{E841F9EB-2E80-460E-AFA6-66B0955E1928}.AppStore|Any CPU.Deploy.0 = Release|Any CPU
		{E841F9EB-2E80-460E-AFA6-66B0955E1928}.AppStore|ARM.ActiveCfg = Release|Any CPU
		{E841F9EB-2E80-460E-AFA6-66B0955E1928}.AppStore|ARM.Build.0 = Release|Any CPU
		{E841F9EB-2E80-460E-AFA6-66B0955E1928}.AppStore|ARM.Deploy.0 = Release|Any CPU
		{E841F9EB-2E80-460E-AFA6-66B0955E1928}.AppStore|iPhone.ActiveCfg = Release|Any CPU
		{E841F9EB-2E80-460E-AFA6-66B0955E1928}.AppStore|iPhone.Build.0 = Release|Any CPU
		{E841F9EB-2E80-460E-AFA6-66B0955E1928}.AppStore|iPhone.Deploy.0 = Release|Any CPU
		{E841F9EB-2E80-460E-AFA6-66B0955E1928}.AppStore|iPhoneSimulator.ActiveCfg = Release|Any CPU
		{E841F9EB-2E80-460E-AFA6-66B0955E1928}.AppStore|iPhoneSimulator.Build.0 = Release|Any CPU
		{E841F9EB-2E80-460E-AFA6-66B0955E1928}.AppStore|iPhoneSimulator.Deploy.0 = Release|Any CPU
		{E841F9EB-2E80-460E-AFA6-66B0955E1928}.AppStore|x64.ActiveCfg = Release|Any CPU
		{E841F9EB-2E80-460E-AFA6-66B0955E1928}.AppStore|x64.Build.0 = Release|Any CPU
		{E841F9EB-2E80-460E-AFA6-66B0955E1928}.AppStore|x64.Deploy.0 = Release|Any CPU
		{E841F9EB-2E80-460E-AFA6-66B0955E1928}.AppStore|x86.ActiveCfg = Release|Any CPU
		{E841F9EB-2E80-460E-AFA6-66B0955E1928}.AppStore|x86.Build.0 = Release|Any CPU
		{E841F9EB-2E80-460E-AFA6-66B0955E1928}.AppStore|x86.Deploy.0 = Release|Any CPU
		{E841F9EB-2E80-460E-AFA6-66B0955E1928}.Debug|Any CPU.ActiveCfg = Debug|Any CPU
		{E841F9EB-2E80-460E-AFA6-66B0955E1928}.Debug|Any CPU.Build.0 = Debug|Any CPU
		{E841F9EB-2E80-460E-AFA6-66B0955E1928}.Debug|Any CPU.Deploy.0 = Debug|Any CPU
		{E841F9EB-2E80-460E-AFA6-66B0955E1928}.Debug|ARM.ActiveCfg = Debug|Any CPU
		{E841F9EB-2E80-460E-AFA6-66B0955E1928}.Debug|ARM.Build.0 = Debug|Any CPU
		{E841F9EB-2E80-460E-AFA6-66B0955E1928}.Debug|ARM.Deploy.0 = Debug|Any CPU
		{E841F9EB-2E80-460E-AFA6-66B0955E1928}.Debug|iPhone.ActiveCfg = Debug|Any CPU
		{E841F9EB-2E80-460E-AFA6-66B0955E1928}.Debug|iPhone.Build.0 = Debug|Any CPU
		{E841F9EB-2E80-460E-AFA6-66B0955E1928}.Debug|iPhone.Deploy.0 = Debug|Any CPU
		{E841F9EB-2E80-460E-AFA6-66B0955E1928}.Debug|iPhoneSimulator.ActiveCfg = Debug|Any CPU
		{E841F9EB-2E80-460E-AFA6-66B0955E1928}.Debug|iPhoneSimulator.Build.0 = Debug|Any CPU
		{E841F9EB-2E80-460E-AFA6-66B0955E1928}.Debug|iPhoneSimulator.Deploy.0 = Debug|Any CPU
		{E841F9EB-2E80-460E-AFA6-66B0955E1928}.Debug|x64.ActiveCfg = Debug|Any CPU
		{E841F9EB-2E80-460E-AFA6-66B0955E1928}.Debug|x64.Build.0 = Debug|Any CPU
		{E841F9EB-2E80-460E-AFA6-66B0955E1928}.Debug|x64.Deploy.0 = Debug|Any CPU
		{E841F9EB-2E80-460E-AFA6-66B0955E1928}.Debug|x86.ActiveCfg = Debug|Any CPU
		{E841F9EB-2E80-460E-AFA6-66B0955E1928}.Debug|x86.Build.0 = Debug|Any CPU
		{E841F9EB-2E80-460E-AFA6-66B0955E1928}.Debug|x86.Deploy.0 = Debug|Any CPU
		{E841F9EB-2E80-460E-AFA6-66B0955E1928}.Release|Any CPU.ActiveCfg = Release|Any CPU
		{E841F9EB-2E80-460E-AFA6-66B0955E1928}.Release|Any CPU.Build.0 = Release|Any CPU
		{E841F9EB-2E80-460E-AFA6-66B0955E1928}.Release|Any CPU.Deploy.0 = Release|Any CPU
		{E841F9EB-2E80-460E-AFA6-66B0955E1928}.Release|ARM.ActiveCfg = Release|Any CPU
		{E841F9EB-2E80-460E-AFA6-66B0955E1928}.Release|ARM.Build.0 = Release|Any CPU
		{E841F9EB-2E80-460E-AFA6-66B0955E1928}.Release|ARM.Deploy.0 = Release|Any CPU
		{E841F9EB-2E80-460E-AFA6-66B0955E1928}.Release|iPhone.ActiveCfg = Release|Any CPU
		{E841F9EB-2E80-460E-AFA6-66B0955E1928}.Release|iPhone.Build.0 = Release|Any CPU
		{E841F9EB-2E80-460E-AFA6-66B0955E1928}.Release|iPhone.Deploy.0 = Release|Any CPU
		{E841F9EB-2E80-460E-AFA6-66B0955E1928}.Release|iPhoneSimulator.ActiveCfg = Release|Any CPU
		{E841F9EB-2E80-460E-AFA6-66B0955E1928}.Release|iPhoneSimulator.Build.0 = Release|Any CPU
		{E841F9EB-2E80-460E-AFA6-66B0955E1928}.Release|iPhoneSimulator.Deploy.0 = Release|Any CPU
		{E841F9EB-2E80-460E-AFA6-66B0955E1928}.Release|x64.ActiveCfg = Release|Any CPU
		{E841F9EB-2E80-460E-AFA6-66B0955E1928}.Release|x64.Build.0 = Release|Any CPU
		{E841F9EB-2E80-460E-AFA6-66B0955E1928}.Release|x64.Deploy.0 = Release|Any CPU
		{E841F9EB-2E80-460E-AFA6-66B0955E1928}.Release|x86.ActiveCfg = Release|Any CPU
		{E841F9EB-2E80-460E-AFA6-66B0955E1928}.Release|x86.Build.0 = Release|Any CPU
		{E841F9EB-2E80-460E-AFA6-66B0955E1928}.Release|x86.Deploy.0 = Release|Any CPU
		{72F09980-AAB7-493C-B70D-597A136616D4}.Ad-Hoc|Any CPU.ActiveCfg = Ad-Hoc|iPhone
		{72F09980-AAB7-493C-B70D-597A136616D4}.Ad-Hoc|Any CPU.Build.0 = Ad-Hoc|iPhone
		{72F09980-AAB7-493C-B70D-597A136616D4}.Ad-Hoc|Any CPU.Deploy.0 = Ad-Hoc|iPhone
		{72F09980-AAB7-493C-B70D-597A136616D4}.Ad-Hoc|ARM.ActiveCfg = Ad-Hoc|iPhone
		{72F09980-AAB7-493C-B70D-597A136616D4}.Ad-Hoc|ARM.Build.0 = Ad-Hoc|iPhone
		{72F09980-AAB7-493C-B70D-597A136616D4}.Ad-Hoc|ARM.Deploy.0 = Ad-Hoc|iPhone
		{72F09980-AAB7-493C-B70D-597A136616D4}.Ad-Hoc|iPhone.ActiveCfg = Ad-Hoc|iPhone
		{72F09980-AAB7-493C-B70D-597A136616D4}.Ad-Hoc|iPhone.Build.0 = Ad-Hoc|iPhone
		{72F09980-AAB7-493C-B70D-597A136616D4}.Ad-Hoc|iPhone.Deploy.0 = Ad-Hoc|iPhone
		{72F09980-AAB7-493C-B70D-597A136616D4}.Ad-Hoc|iPhoneSimulator.ActiveCfg = Ad-Hoc|iPhoneSimulator
		{72F09980-AAB7-493C-B70D-597A136616D4}.Ad-Hoc|iPhoneSimulator.Build.0 = Ad-Hoc|iPhoneSimulator
		{72F09980-AAB7-493C-B70D-597A136616D4}.Ad-Hoc|iPhoneSimulator.Deploy.0 = Ad-Hoc|iPhoneSimulator
		{72F09980-AAB7-493C-B70D-597A136616D4}.Ad-Hoc|x64.ActiveCfg = Ad-Hoc|iPhone
		{72F09980-AAB7-493C-B70D-597A136616D4}.Ad-Hoc|x64.Build.0 = Ad-Hoc|iPhone
		{72F09980-AAB7-493C-B70D-597A136616D4}.Ad-Hoc|x64.Deploy.0 = Ad-Hoc|iPhone
		{72F09980-AAB7-493C-B70D-597A136616D4}.Ad-Hoc|x86.ActiveCfg = Ad-Hoc|iPhone
		{72F09980-AAB7-493C-B70D-597A136616D4}.Ad-Hoc|x86.Build.0 = Ad-Hoc|iPhone
		{72F09980-AAB7-493C-B70D-597A136616D4}.Ad-Hoc|x86.Deploy.0 = Ad-Hoc|iPhone
		{72F09980-AAB7-493C-B70D-597A136616D4}.AppStore|Any CPU.ActiveCfg = AppStore|iPhone
		{72F09980-AAB7-493C-B70D-597A136616D4}.AppStore|Any CPU.Build.0 = AppStore|iPhone
		{72F09980-AAB7-493C-B70D-597A136616D4}.AppStore|Any CPU.Deploy.0 = AppStore|iPhone
		{72F09980-AAB7-493C-B70D-597A136616D4}.AppStore|ARM.ActiveCfg = AppStore|iPhone
		{72F09980-AAB7-493C-B70D-597A136616D4}.AppStore|ARM.Build.0 = AppStore|iPhone
		{72F09980-AAB7-493C-B70D-597A136616D4}.AppStore|ARM.Deploy.0 = AppStore|iPhone
		{72F09980-AAB7-493C-B70D-597A136616D4}.AppStore|iPhone.ActiveCfg = AppStore|iPhone
		{72F09980-AAB7-493C-B70D-597A136616D4}.AppStore|iPhone.Build.0 = AppStore|iPhone
		{72F09980-AAB7-493C-B70D-597A136616D4}.AppStore|iPhone.Deploy.0 = AppStore|iPhone
		{72F09980-AAB7-493C-B70D-597A136616D4}.AppStore|iPhoneSimulator.ActiveCfg = AppStore|iPhoneSimulator
		{72F09980-AAB7-493C-B70D-597A136616D4}.AppStore|iPhoneSimulator.Build.0 = AppStore|iPhoneSimulator
		{72F09980-AAB7-493C-B70D-597A136616D4}.AppStore|iPhoneSimulator.Deploy.0 = AppStore|iPhoneSimulator
		{72F09980-AAB7-493C-B70D-597A136616D4}.AppStore|x64.ActiveCfg = AppStore|iPhone
		{72F09980-AAB7-493C-B70D-597A136616D4}.AppStore|x64.Build.0 = AppStore|iPhone
		{72F09980-AAB7-493C-B70D-597A136616D4}.AppStore|x64.Deploy.0 = AppStore|iPhone
		{72F09980-AAB7-493C-B70D-597A136616D4}.AppStore|x86.ActiveCfg = AppStore|iPhone
		{72F09980-AAB7-493C-B70D-597A136616D4}.AppStore|x86.Build.0 = AppStore|iPhone
		{72F09980-AAB7-493C-B70D-597A136616D4}.AppStore|x86.Deploy.0 = AppStore|iPhone
		{72F09980-AAB7-493C-B70D-597A136616D4}.Debug|Any CPU.ActiveCfg = Debug|iPhoneSimulator
		{72F09980-AAB7-493C-B70D-597A136616D4}.Debug|Any CPU.Build.0 = Debug|iPhoneSimulator
		{72F09980-AAB7-493C-B70D-597A136616D4}.Debug|Any CPU.Deploy.0 = Debug|iPhoneSimulator
		{72F09980-AAB7-493C-B70D-597A136616D4}.Debug|ARM.ActiveCfg = Debug|iPhone
		{72F09980-AAB7-493C-B70D-597A136616D4}.Debug|ARM.Build.0 = Debug|iPhone
		{72F09980-AAB7-493C-B70D-597A136616D4}.Debug|ARM.Deploy.0 = Debug|iPhone
		{72F09980-AAB7-493C-B70D-597A136616D4}.Debug|iPhone.ActiveCfg = Debug|iPhone
		{72F09980-AAB7-493C-B70D-597A136616D4}.Debug|iPhone.Build.0 = Debug|iPhone
		{72F09980-AAB7-493C-B70D-597A136616D4}.Debug|iPhone.Deploy.0 = Debug|iPhone
		{72F09980-AAB7-493C-B70D-597A136616D4}.Debug|iPhoneSimulator.ActiveCfg = Debug|iPhoneSimulator
		{72F09980-AAB7-493C-B70D-597A136616D4}.Debug|iPhoneSimulator.Build.0 = Debug|iPhoneSimulator
		{72F09980-AAB7-493C-B70D-597A136616D4}.Debug|iPhoneSimulator.Deploy.0 = Debug|iPhoneSimulator
		{72F09980-AAB7-493C-B70D-597A136616D4}.Debug|x64.ActiveCfg = Debug|iPhone
		{72F09980-AAB7-493C-B70D-597A136616D4}.Debug|x64.Build.0 = Debug|iPhone
		{72F09980-AAB7-493C-B70D-597A136616D4}.Debug|x64.Deploy.0 = Debug|iPhone
		{72F09980-AAB7-493C-B70D-597A136616D4}.Debug|x86.ActiveCfg = Debug|iPhone
		{72F09980-AAB7-493C-B70D-597A136616D4}.Debug|x86.Build.0 = Debug|iPhone
		{72F09980-AAB7-493C-B70D-597A136616D4}.Debug|x86.Deploy.0 = Debug|iPhone
		{72F09980-AAB7-493C-B70D-597A136616D4}.Release|Any CPU.ActiveCfg = Release|iPhone
		{72F09980-AAB7-493C-B70D-597A136616D4}.Release|Any CPU.Build.0 = Release|iPhone
		{72F09980-AAB7-493C-B70D-597A136616D4}.Release|Any CPU.Deploy.0 = Release|iPhone
		{72F09980-AAB7-493C-B70D-597A136616D4}.Release|ARM.ActiveCfg = Release|iPhone
		{72F09980-AAB7-493C-B70D-597A136616D4}.Release|ARM.Build.0 = Release|iPhone
		{72F09980-AAB7-493C-B70D-597A136616D4}.Release|ARM.Deploy.0 = Release|iPhone
		{72F09980-AAB7-493C-B70D-597A136616D4}.Release|iPhone.ActiveCfg = Release|iPhone
		{72F09980-AAB7-493C-B70D-597A136616D4}.Release|iPhone.Build.0 = Release|iPhone
		{72F09980-AAB7-493C-B70D-597A136616D4}.Release|iPhone.Deploy.0 = Release|iPhone
		{72F09980-AAB7-493C-B70D-597A136616D4}.Release|iPhoneSimulator.ActiveCfg = Release|iPhoneSimulator
		{72F09980-AAB7-493C-B70D-597A136616D4}.Release|iPhoneSimulator.Build.0 = Release|iPhoneSimulator
		{72F09980-AAB7-493C-B70D-597A136616D4}.Release|iPhoneSimulator.Deploy.0 = Release|iPhoneSimulator
		{72F09980-AAB7-493C-B70D-597A136616D4}.Release|x64.ActiveCfg = Release|iPhone
		{72F09980-AAB7-493C-B70D-597A136616D4}.Release|x64.Build.0 = Release|iPhone
		{72F09980-AAB7-493C-B70D-597A136616D4}.Release|x64.Deploy.0 = Release|iPhone
		{72F09980-AAB7-493C-B70D-597A136616D4}.Release|x86.ActiveCfg = Release|iPhone
		{72F09980-AAB7-493C-B70D-597A136616D4}.Release|x86.Build.0 = Release|iPhone
		{72F09980-AAB7-493C-B70D-597A136616D4}.Release|x86.Deploy.0 = Release|iPhone
		{32630E1E-A949-46C0-B2BA-CFE741C4947E}.Ad-Hoc|Any CPU.ActiveCfg = Release|x86
		{32630E1E-A949-46C0-B2BA-CFE741C4947E}.Ad-Hoc|Any CPU.Build.0 = Release|x86
		{32630E1E-A949-46C0-B2BA-CFE741C4947E}.Ad-Hoc|Any CPU.Deploy.0 = Release|x86
		{32630E1E-A949-46C0-B2BA-CFE741C4947E}.Ad-Hoc|ARM.ActiveCfg = Release|ARM
		{32630E1E-A949-46C0-B2BA-CFE741C4947E}.Ad-Hoc|ARM.Build.0 = Release|ARM
		{32630E1E-A949-46C0-B2BA-CFE741C4947E}.Ad-Hoc|ARM.Deploy.0 = Release|ARM
		{32630E1E-A949-46C0-B2BA-CFE741C4947E}.Ad-Hoc|iPhone.ActiveCfg = Release|x86
		{32630E1E-A949-46C0-B2BA-CFE741C4947E}.Ad-Hoc|iPhone.Build.0 = Release|x86
		{32630E1E-A949-46C0-B2BA-CFE741C4947E}.Ad-Hoc|iPhone.Deploy.0 = Release|x86
		{32630E1E-A949-46C0-B2BA-CFE741C4947E}.Ad-Hoc|iPhoneSimulator.ActiveCfg = Release|x86
		{32630E1E-A949-46C0-B2BA-CFE741C4947E}.Ad-Hoc|iPhoneSimulator.Build.0 = Release|x86
		{32630E1E-A949-46C0-B2BA-CFE741C4947E}.Ad-Hoc|iPhoneSimulator.Deploy.0 = Release|x86
		{32630E1E-A949-46C0-B2BA-CFE741C4947E}.Ad-Hoc|x64.ActiveCfg = Release|x64
		{32630E1E-A949-46C0-B2BA-CFE741C4947E}.Ad-Hoc|x64.Build.0 = Release|x64
		{32630E1E-A949-46C0-B2BA-CFE741C4947E}.Ad-Hoc|x64.Deploy.0 = Release|x64
		{32630E1E-A949-46C0-B2BA-CFE741C4947E}.Ad-Hoc|x86.ActiveCfg = Release|x86
		{32630E1E-A949-46C0-B2BA-CFE741C4947E}.Ad-Hoc|x86.Build.0 = Release|x86
		{32630E1E-A949-46C0-B2BA-CFE741C4947E}.Ad-Hoc|x86.Deploy.0 = Release|x86
		{32630E1E-A949-46C0-B2BA-CFE741C4947E}.AppStore|Any CPU.ActiveCfg = Release|x86
		{32630E1E-A949-46C0-B2BA-CFE741C4947E}.AppStore|Any CPU.Build.0 = Release|x86
		{32630E1E-A949-46C0-B2BA-CFE741C4947E}.AppStore|Any CPU.Deploy.0 = Release|x86
		{32630E1E-A949-46C0-B2BA-CFE741C4947E}.AppStore|ARM.ActiveCfg = Release|ARM
		{32630E1E-A949-46C0-B2BA-CFE741C4947E}.AppStore|ARM.Build.0 = Release|ARM
		{32630E1E-A949-46C0-B2BA-CFE741C4947E}.AppStore|ARM.Deploy.0 = Release|ARM
		{32630E1E-A949-46C0-B2BA-CFE741C4947E}.AppStore|iPhone.ActiveCfg = Release|x86
		{32630E1E-A949-46C0-B2BA-CFE741C4947E}.AppStore|iPhone.Build.0 = Release|x86
		{32630E1E-A949-46C0-B2BA-CFE741C4947E}.AppStore|iPhone.Deploy.0 = Release|x86
		{32630E1E-A949-46C0-B2BA-CFE741C4947E}.AppStore|iPhoneSimulator.ActiveCfg = Release|x86
		{32630E1E-A949-46C0-B2BA-CFE741C4947E}.AppStore|iPhoneSimulator.Build.0 = Release|x86
		{32630E1E-A949-46C0-B2BA-CFE741C4947E}.AppStore|iPhoneSimulator.Deploy.0 = Release|x86
		{32630E1E-A949-46C0-B2BA-CFE741C4947E}.AppStore|x64.ActiveCfg = Release|x64
		{32630E1E-A949-46C0-B2BA-CFE741C4947E}.AppStore|x64.Build.0 = Release|x64
		{32630E1E-A949-46C0-B2BA-CFE741C4947E}.AppStore|x64.Deploy.0 = Release|x64
		{32630E1E-A949-46C0-B2BA-CFE741C4947E}.AppStore|x86.ActiveCfg = Release|x86
		{32630E1E-A949-46C0-B2BA-CFE741C4947E}.AppStore|x86.Build.0 = Release|x86
		{32630E1E-A949-46C0-B2BA-CFE741C4947E}.AppStore|x86.Deploy.0 = Release|x86
		{32630E1E-A949-46C0-B2BA-CFE741C4947E}.Debug|Any CPU.ActiveCfg = Debug|x86
		{32630E1E-A949-46C0-B2BA-CFE741C4947E}.Debug|Any CPU.Build.0 = Debug|x86
		{32630E1E-A949-46C0-B2BA-CFE741C4947E}.Debug|Any CPU.Deploy.0 = Debug|x86
		{32630E1E-A949-46C0-B2BA-CFE741C4947E}.Debug|ARM.ActiveCfg = Debug|ARM
		{32630E1E-A949-46C0-B2BA-CFE741C4947E}.Debug|ARM.Build.0 = Debug|ARM
		{32630E1E-A949-46C0-B2BA-CFE741C4947E}.Debug|ARM.Deploy.0 = Debug|ARM
		{32630E1E-A949-46C0-B2BA-CFE741C4947E}.Debug|iPhone.ActiveCfg = Debug|x86
		{32630E1E-A949-46C0-B2BA-CFE741C4947E}.Debug|iPhone.Build.0 = Debug|x86
		{32630E1E-A949-46C0-B2BA-CFE741C4947E}.Debug|iPhone.Deploy.0 = Debug|x86
		{32630E1E-A949-46C0-B2BA-CFE741C4947E}.Debug|iPhoneSimulator.ActiveCfg = Debug|x86
		{32630E1E-A949-46C0-B2BA-CFE741C4947E}.Debug|iPhoneSimulator.Build.0 = Debug|x86
		{32630E1E-A949-46C0-B2BA-CFE741C4947E}.Debug|iPhoneSimulator.Deploy.0 = Debug|x86
		{32630E1E-A949-46C0-B2BA-CFE741C4947E}.Debug|x64.ActiveCfg = Debug|x64
		{32630E1E-A949-46C0-B2BA-CFE741C4947E}.Debug|x64.Build.0 = Debug|x64
		{32630E1E-A949-46C0-B2BA-CFE741C4947E}.Debug|x64.Deploy.0 = Debug|x64
		{32630E1E-A949-46C0-B2BA-CFE741C4947E}.Debug|x86.ActiveCfg = Debug|x86
		{32630E1E-A949-46C0-B2BA-CFE741C4947E}.Debug|x86.Build.0 = Debug|x86
		{32630E1E-A949-46C0-B2BA-CFE741C4947E}.Debug|x86.Deploy.0 = Debug|x86
		{32630E1E-A949-46C0-B2BA-CFE741C4947E}.Release|Any CPU.ActiveCfg = Release|x86
		{32630E1E-A949-46C0-B2BA-CFE741C4947E}.Release|Any CPU.Build.0 = Release|x86
		{32630E1E-A949-46C0-B2BA-CFE741C4947E}.Release|Any CPU.Deploy.0 = Release|x86
		{32630E1E-A949-46C0-B2BA-CFE741C4947E}.Release|ARM.ActiveCfg = Release|ARM
		{32630E1E-A949-46C0-B2BA-CFE741C4947E}.Release|ARM.Build.0 = Release|ARM
		{32630E1E-A949-46C0-B2BA-CFE741C4947E}.Release|ARM.Deploy.0 = Release|ARM
		{32630E1E-A949-46C0-B2BA-CFE741C4947E}.Release|iPhone.ActiveCfg = Release|x86
		{32630E1E-A949-46C0-B2BA-CFE741C4947E}.Release|iPhone.Build.0 = Release|x86
		{32630E1E-A949-46C0-B2BA-CFE741C4947E}.Release|iPhone.Deploy.0 = Release|x86
		{32630E1E-A949-46C0-B2BA-CFE741C4947E}.Release|iPhoneSimulator.ActiveCfg = Release|x86
		{32630E1E-A949-46C0-B2BA-CFE741C4947E}.Release|iPhoneSimulator.Build.0 = Release|x86
		{32630E1E-A949-46C0-B2BA-CFE741C4947E}.Release|iPhoneSimulator.Deploy.0 = Release|x86
		{32630E1E-A949-46C0-B2BA-CFE741C4947E}.Release|x64.ActiveCfg = Release|x64
		{32630E1E-A949-46C0-B2BA-CFE741C4947E}.Release|x64.Build.0 = Release|x64
		{32630E1E-A949-46C0-B2BA-CFE741C4947E}.Release|x64.Deploy.0 = Release|x64
		{32630E1E-A949-46C0-B2BA-CFE741C4947E}.Release|x86.ActiveCfg = Release|x86
		{32630E1E-A949-46C0-B2BA-CFE741C4947E}.Release|x86.Build.0 = Release|x86
		{32630E1E-A949-46C0-B2BA-CFE741C4947E}.Release|x86.Deploy.0 = Release|x86
		{5A4C4EF1-28F8-4F8E-9DD9-70D5FDAF3188}.Ad-Hoc|Any CPU.ActiveCfg = Debug|Any CPU
		{5A4C4EF1-28F8-4F8E-9DD9-70D5FDAF3188}.Ad-Hoc|Any CPU.Build.0 = Debug|Any CPU
		{5A4C4EF1-28F8-4F8E-9DD9-70D5FDAF3188}.Ad-Hoc|Any CPU.Deploy.0 = Debug|Any CPU
		{5A4C4EF1-28F8-4F8E-9DD9-70D5FDAF3188}.Ad-Hoc|ARM.ActiveCfg = Debug|Any CPU
		{5A4C4EF1-28F8-4F8E-9DD9-70D5FDAF3188}.Ad-Hoc|ARM.Build.0 = Debug|Any CPU
		{5A4C4EF1-28F8-4F8E-9DD9-70D5FDAF3188}.Ad-Hoc|ARM.Deploy.0 = Debug|Any CPU
		{5A4C4EF1-28F8-4F8E-9DD9-70D5FDAF3188}.Ad-Hoc|iPhone.ActiveCfg = Debug|Any CPU
		{5A4C4EF1-28F8-4F8E-9DD9-70D5FDAF3188}.Ad-Hoc|iPhone.Build.0 = Debug|Any CPU
		{5A4C4EF1-28F8-4F8E-9DD9-70D5FDAF3188}.Ad-Hoc|iPhone.Deploy.0 = Debug|Any CPU
		{5A4C4EF1-28F8-4F8E-9DD9-70D5FDAF3188}.Ad-Hoc|iPhoneSimulator.ActiveCfg = Debug|Any CPU
		{5A4C4EF1-28F8-4F8E-9DD9-70D5FDAF3188}.Ad-Hoc|iPhoneSimulator.Build.0 = Debug|Any CPU
		{5A4C4EF1-28F8-4F8E-9DD9-70D5FDAF3188}.Ad-Hoc|iPhoneSimulator.Deploy.0 = Debug|Any CPU
		{5A4C4EF1-28F8-4F8E-9DD9-70D5FDAF3188}.Ad-Hoc|x64.ActiveCfg = Debug|Any CPU
		{5A4C4EF1-28F8-4F8E-9DD9-70D5FDAF3188}.Ad-Hoc|x64.Build.0 = Debug|Any CPU
		{5A4C4EF1-28F8-4F8E-9DD9-70D5FDAF3188}.Ad-Hoc|x64.Deploy.0 = Debug|Any CPU
		{5A4C4EF1-28F8-4F8E-9DD9-70D5FDAF3188}.Ad-Hoc|x86.ActiveCfg = Debug|Any CPU
		{5A4C4EF1-28F8-4F8E-9DD9-70D5FDAF3188}.Ad-Hoc|x86.Build.0 = Debug|Any CPU
		{5A4C4EF1-28F8-4F8E-9DD9-70D5FDAF3188}.Ad-Hoc|x86.Deploy.0 = Debug|Any CPU
		{5A4C4EF1-28F8-4F8E-9DD9-70D5FDAF3188}.AppStore|Any CPU.ActiveCfg = Debug|Any CPU
		{5A4C4EF1-28F8-4F8E-9DD9-70D5FDAF3188}.AppStore|Any CPU.Build.0 = Debug|Any CPU
		{5A4C4EF1-28F8-4F8E-9DD9-70D5FDAF3188}.AppStore|Any CPU.Deploy.0 = Debug|Any CPU
		{5A4C4EF1-28F8-4F8E-9DD9-70D5FDAF3188}.AppStore|ARM.ActiveCfg = Debug|Any CPU
		{5A4C4EF1-28F8-4F8E-9DD9-70D5FDAF3188}.AppStore|ARM.Build.0 = Debug|Any CPU
		{5A4C4EF1-28F8-4F8E-9DD9-70D5FDAF3188}.AppStore|ARM.Deploy.0 = Debug|Any CPU
		{5A4C4EF1-28F8-4F8E-9DD9-70D5FDAF3188}.AppStore|iPhone.ActiveCfg = Debug|Any CPU
		{5A4C4EF1-28F8-4F8E-9DD9-70D5FDAF3188}.AppStore|iPhone.Build.0 = Debug|Any CPU
		{5A4C4EF1-28F8-4F8E-9DD9-70D5FDAF3188}.AppStore|iPhone.Deploy.0 = Debug|Any CPU
		{5A4C4EF1-28F8-4F8E-9DD9-70D5FDAF3188}.AppStore|iPhoneSimulator.ActiveCfg = Debug|Any CPU
		{5A4C4EF1-28F8-4F8E-9DD9-70D5FDAF3188}.AppStore|iPhoneSimulator.Build.0 = Debug|Any CPU
		{5A4C4EF1-28F8-4F8E-9DD9-70D5FDAF3188}.AppStore|iPhoneSimulator.Deploy.0 = Debug|Any CPU
		{5A4C4EF1-28F8-4F8E-9DD9-70D5FDAF3188}.AppStore|x64.ActiveCfg = Debug|Any CPU
		{5A4C4EF1-28F8-4F8E-9DD9-70D5FDAF3188}.AppStore|x64.Build.0 = Debug|Any CPU
		{5A4C4EF1-28F8-4F8E-9DD9-70D5FDAF3188}.AppStore|x64.Deploy.0 = Debug|Any CPU
		{5A4C4EF1-28F8-4F8E-9DD9-70D5FDAF3188}.AppStore|x86.ActiveCfg = Debug|Any CPU
		{5A4C4EF1-28F8-4F8E-9DD9-70D5FDAF3188}.AppStore|x86.Build.0 = Debug|Any CPU
		{5A4C4EF1-28F8-4F8E-9DD9-70D5FDAF3188}.AppStore|x86.Deploy.0 = Debug|Any CPU
		{5A4C4EF1-28F8-4F8E-9DD9-70D5FDAF3188}.Debug|Any CPU.ActiveCfg = Debug|Any CPU
		{5A4C4EF1-28F8-4F8E-9DD9-70D5FDAF3188}.Debug|Any CPU.Build.0 = Debug|Any CPU
		{5A4C4EF1-28F8-4F8E-9DD9-70D5FDAF3188}.Debug|Any CPU.Deploy.0 = Debug|Any CPU
		{5A4C4EF1-28F8-4F8E-9DD9-70D5FDAF3188}.Debug|ARM.ActiveCfg = Debug|Any CPU
		{5A4C4EF1-28F8-4F8E-9DD9-70D5FDAF3188}.Debug|ARM.Build.0 = Debug|Any CPU
		{5A4C4EF1-28F8-4F8E-9DD9-70D5FDAF3188}.Debug|ARM.Deploy.0 = Debug|Any CPU
		{5A4C4EF1-28F8-4F8E-9DD9-70D5FDAF3188}.Debug|iPhone.ActiveCfg = Debug|Any CPU
		{5A4C4EF1-28F8-4F8E-9DD9-70D5FDAF3188}.Debug|iPhone.Build.0 = Debug|Any CPU
		{5A4C4EF1-28F8-4F8E-9DD9-70D5FDAF3188}.Debug|iPhone.Deploy.0 = Debug|Any CPU
		{5A4C4EF1-28F8-4F8E-9DD9-70D5FDAF3188}.Debug|iPhoneSimulator.ActiveCfg = Debug|Any CPU
		{5A4C4EF1-28F8-4F8E-9DD9-70D5FDAF3188}.Debug|iPhoneSimulator.Build.0 = Debug|Any CPU
		{5A4C4EF1-28F8-4F8E-9DD9-70D5FDAF3188}.Debug|iPhoneSimulator.Deploy.0 = Debug|Any CPU
		{5A4C4EF1-28F8-4F8E-9DD9-70D5FDAF3188}.Debug|x64.ActiveCfg = Debug|Any CPU
		{5A4C4EF1-28F8-4F8E-9DD9-70D5FDAF3188}.Debug|x64.Build.0 = Debug|Any CPU
		{5A4C4EF1-28F8-4F8E-9DD9-70D5FDAF3188}.Debug|x64.Deploy.0 = Debug|Any CPU
		{5A4C4EF1-28F8-4F8E-9DD9-70D5FDAF3188}.Debug|x86.ActiveCfg = Debug|Any CPU
		{5A4C4EF1-28F8-4F8E-9DD9-70D5FDAF3188}.Debug|x86.Build.0 = Debug|Any CPU
		{5A4C4EF1-28F8-4F8E-9DD9-70D5FDAF3188}.Debug|x86.Deploy.0 = Debug|Any CPU
		{5A4C4EF1-28F8-4F8E-9DD9-70D5FDAF3188}.Release|Any CPU.ActiveCfg = Release|Any CPU
		{5A4C4EF1-28F8-4F8E-9DD9-70D5FDAF3188}.Release|Any CPU.Build.0 = Release|Any CPU
		{5A4C4EF1-28F8-4F8E-9DD9-70D5FDAF3188}.Release|Any CPU.Deploy.0 = Release|Any CPU
		{5A4C4EF1-28F8-4F8E-9DD9-70D5FDAF3188}.Release|ARM.ActiveCfg = Release|Any CPU
		{5A4C4EF1-28F8-4F8E-9DD9-70D5FDAF3188}.Release|ARM.Build.0 = Release|Any CPU
		{5A4C4EF1-28F8-4F8E-9DD9-70D5FDAF3188}.Release|ARM.Deploy.0 = Release|Any CPU
		{5A4C4EF1-28F8-4F8E-9DD9-70D5FDAF3188}.Release|iPhone.ActiveCfg = Release|Any CPU
		{5A4C4EF1-28F8-4F8E-9DD9-70D5FDAF3188}.Release|iPhone.Build.0 = Release|Any CPU
		{5A4C4EF1-28F8-4F8E-9DD9-70D5FDAF3188}.Release|iPhone.Deploy.0 = Release|Any CPU
		{5A4C4EF1-28F8-4F8E-9DD9-70D5FDAF3188}.Release|iPhoneSimulator.ActiveCfg = Release|Any CPU
		{5A4C4EF1-28F8-4F8E-9DD9-70D5FDAF3188}.Release|iPhoneSimulator.Build.0 = Release|Any CPU
		{5A4C4EF1-28F8-4F8E-9DD9-70D5FDAF3188}.Release|iPhoneSimulator.Deploy.0 = Release|Any CPU
		{5A4C4EF1-28F8-4F8E-9DD9-70D5FDAF3188}.Release|x64.ActiveCfg = Release|Any CPU
		{5A4C4EF1-28F8-4F8E-9DD9-70D5FDAF3188}.Release|x64.Build.0 = Release|Any CPU
		{5A4C4EF1-28F8-4F8E-9DD9-70D5FDAF3188}.Release|x64.Deploy.0 = Release|Any CPU
		{5A4C4EF1-28F8-4F8E-9DD9-70D5FDAF3188}.Release|x86.ActiveCfg = Release|Any CPU
		{5A4C4EF1-28F8-4F8E-9DD9-70D5FDAF3188}.Release|x86.Build.0 = Release|Any CPU
		{5A4C4EF1-28F8-4F8E-9DD9-70D5FDAF3188}.Release|x86.Deploy.0 = Release|Any CPU
	EndGlobalSection
	GlobalSection(SolutionProperties) = preSolution
		HideSolutionNode = FALSE
	EndGlobalSection
	GlobalSection(ExtensibilityGlobals) = postSolution
		SolutionGuid = {95060A4C-BDAB-4565-895E-94AC95EBF500}
	EndGlobalSection
EndGlobal
