
Microsoft Visual Studio Solution File, Format Version 12.00
# Visual Studio 15
VisualStudioVersion = 15.0.27703.2000
MinimumVisualStudioVersion = 10.0.40219.1
Project("{FAE04EC0-301F-11D3-BF4B-00C04F79EFBC}") = "CMOVproj2.Android", "CMOVproj2\CMOVproj2.Android\CMOVproj2.Android.csproj", "{7623DDC1-47E5-450F-A89F-7E82CFCB0F9C}"
EndProject
Project("{FAE04EC0-301F-11D3-BF4B-00C04F79EFBC}") = "CMOVproj2.iOS", "CMOVproj2\CMOVproj2.iOS\CMOVproj2.iOS.csproj", "{ED6E6D30-9A26-49BD-A7DB-ECA2BEA20A0B}"
EndProject
Project("{FAE04EC0-301F-11D3-BF4B-00C04F79EFBC}") = "CMOVproj2.UWP", "CMOVproj2\CMOVproj2.UWP\CMOVproj2.UWP.csproj", "{42FA296F-8028-400C-BD74-73595C9A65B2}"
EndProject
Project("{D954291E-2A0B-460D-934E-DC6B0785DB48}") = "CMOVproj2", "CMOVproj2\CMOVproj2\CMOVproj2.shproj", "{54B14F1D-560D-45D0-BDD8-7A51C1261450}"
EndProject
Global
	GlobalSection(SharedMSBuildProjectFiles) = preSolution
		CMOVproj2\CMOVproj2\CMOVproj2.projitems*{42fa296f-8028-400c-bd74-73595c9a65b2}*SharedItemsImports = 4
		CMOVproj2\CMOVproj2\CMOVproj2.projitems*{54b14f1d-560d-45d0-bdd8-7a51c1261450}*SharedItemsImports = 13
		CMOVproj2\CMOVproj2\CMOVproj2.projitems*{7623ddc1-47e5-450f-a89f-7e82cfcb0f9c}*SharedItemsImports = 4
		CMOVproj2\CMOVproj2\CMOVproj2.projitems*{ed6e6d30-9a26-49bd-a7db-eca2bea20a0b}*SharedItemsImports = 4
	EndGlobalSection
	GlobalSection(SolutionConfigurationPlatforms) = preSolution
		Ad-Hoc|Any CPU = Ad-Hoc|Any CPU
		Ad-Hoc|ARM = Ad-Hoc|ARM
		Ad-Hoc|iPhone = Ad-Hoc|iPhone
		Ad-Hoc|iPhoneSimulator = Ad-Hoc|iPhoneSimulator
		Ad-Hoc|x64 = Ad-Hoc|x64
		Ad-Hoc|x86 = Ad-Hoc|x86
		AppStore|Any CPU = AppStore|Any CPU
		AppStore|ARM = AppStore|ARM
		AppStore|iPhone = AppStore|iPhone
		AppStore|iPhoneSimulator = AppStore|iPhoneSimulator
		AppStore|x64 = AppStore|x64
		AppStore|x86 = AppStore|x86
		Debug|Any CPU = Debug|Any CPU
		Debug|ARM = Debug|ARM
		Debug|iPhone = Debug|iPhone
		Debug|iPhoneSimulator = Debug|iPhoneSimulator
		Debug|x64 = Debug|x64
		Debug|x86 = Debug|x86
		Release|Any CPU = Release|Any CPU
		Release|ARM = Release|ARM
		Release|iPhone = Release|iPhone
		Release|iPhoneSimulator = Release|iPhoneSimulator
		Release|x64 = Release|x64
		Release|x86 = Release|x86
	EndGlobalSection
	GlobalSection(ProjectConfigurationPlatforms) = postSolution
		{7623DDC1-47E5-450F-A89F-7E82CFCB0F9C}.Ad-Hoc|Any CPU.ActiveCfg = Release|Any CPU
		{7623DDC1-47E5-450F-A89F-7E82CFCB0F9C}.Ad-Hoc|Any CPU.Build.0 = Release|Any CPU
		{7623DDC1-47E5-450F-A89F-7E82CFCB0F9C}.Ad-Hoc|Any CPU.Deploy.0 = Release|Any CPU
		{7623DDC1-47E5-450F-A89F-7E82CFCB0F9C}.Ad-Hoc|ARM.ActiveCfg = Release|Any CPU
		{7623DDC1-47E5-450F-A89F-7E82CFCB0F9C}.Ad-Hoc|ARM.Build.0 = Release|Any CPU
		{7623DDC1-47E5-450F-A89F-7E82CFCB0F9C}.Ad-Hoc|ARM.Deploy.0 = Release|Any CPU
		{7623DDC1-47E5-450F-A89F-7E82CFCB0F9C}.Ad-Hoc|iPhone.ActiveCfg = Release|Any CPU
		{7623DDC1-47E5-450F-A89F-7E82CFCB0F9C}.Ad-Hoc|iPhone.Build.0 = Release|Any CPU
		{7623DDC1-47E5-450F-A89F-7E82CFCB0F9C}.Ad-Hoc|iPhone.Deploy.0 = Release|Any CPU
		{7623DDC1-47E5-450F-A89F-7E82CFCB0F9C}.Ad-Hoc|iPhoneSimulator.ActiveCfg = Release|Any CPU
		{7623DDC1-47E5-450F-A89F-7E82CFCB0F9C}.Ad-Hoc|iPhoneSimulator.Build.0 = Release|Any CPU
		{7623DDC1-47E5-450F-A89F-7E82CFCB0F9C}.Ad-Hoc|iPhoneSimulator.Deploy.0 = Release|Any CPU
		{7623DDC1-47E5-450F-A89F-7E82CFCB0F9C}.Ad-Hoc|x64.ActiveCfg = Release|Any CPU
		{7623DDC1-47E5-450F-A89F-7E82CFCB0F9C}.Ad-Hoc|x64.Build.0 = Release|Any CPU
		{7623DDC1-47E5-450F-A89F-7E82CFCB0F9C}.Ad-Hoc|x64.Deploy.0 = Release|Any CPU
		{7623DDC1-47E5-450F-A89F-7E82CFCB0F9C}.Ad-Hoc|x86.ActiveCfg = Release|Any CPU
		{7623DDC1-47E5-450F-A89F-7E82CFCB0F9C}.Ad-Hoc|x86.Build.0 = Release|Any CPU
		{7623DDC1-47E5-450F-A89F-7E82CFCB0F9C}.Ad-Hoc|x86.Deploy.0 = Release|Any CPU
		{7623DDC1-47E5-450F-A89F-7E82CFCB0F9C}.AppStore|Any CPU.ActiveCfg = Release|Any CPU
		{7623DDC1-47E5-450F-A89F-7E82CFCB0F9C}.AppStore|Any CPU.Build.0 = Release|Any CPU
		{7623DDC1-47E5-450F-A89F-7E82CFCB0F9C}.AppStore|Any CPU.Deploy.0 = Release|Any CPU
		{7623DDC1-47E5-450F-A89F-7E82CFCB0F9C}.AppStore|ARM.ActiveCfg = Release|Any CPU
		{7623DDC1-47E5-450F-A89F-7E82CFCB0F9C}.AppStore|ARM.Build.0 = Release|Any CPU
		{7623DDC1-47E5-450F-A89F-7E82CFCB0F9C}.AppStore|ARM.Deploy.0 = Release|Any CPU
		{7623DDC1-47E5-450F-A89F-7E82CFCB0F9C}.AppStore|iPhone.ActiveCfg = Release|Any CPU
		{7623DDC1-47E5-450F-A89F-7E82CFCB0F9C}.AppStore|iPhone.Build.0 = Release|Any CPU
		{7623DDC1-47E5-450F-A89F-7E82CFCB0F9C}.AppStore|iPhone.Deploy.0 = Release|Any CPU
		{7623DDC1-47E5-450F-A89F-7E82CFCB0F9C}.AppStore|iPhoneSimulator.ActiveCfg = Release|Any CPU
		{7623DDC1-47E5-450F-A89F-7E82CFCB0F9C}.AppStore|iPhoneSimulator.Build.0 = Release|Any CPU
		{7623DDC1-47E5-450F-A89F-7E82CFCB0F9C}.AppStore|iPhoneSimulator.Deploy.0 = Release|Any CPU
		{7623DDC1-47E5-450F-A89F-7E82CFCB0F9C}.AppStore|x64.ActiveCfg = Release|Any CPU
		{7623DDC1-47E5-450F-A89F-7E82CFCB0F9C}.AppStore|x64.Build.0 = Release|Any CPU
		{7623DDC1-47E5-450F-A89F-7E82CFCB0F9C}.AppStore|x64.Deploy.0 = Release|Any CPU
		{7623DDC1-47E5-450F-A89F-7E82CFCB0F9C}.AppStore|x86.ActiveCfg = Release|Any CPU
		{7623DDC1-47E5-450F-A89F-7E82CFCB0F9C}.AppStore|x86.Build.0 = Release|Any CPU
		{7623DDC1-47E5-450F-A89F-7E82CFCB0F9C}.AppStore|x86.Deploy.0 = Release|Any CPU
		{7623DDC1-47E5-450F-A89F-7E82CFCB0F9C}.Debug|Any CPU.ActiveCfg = Debug|Any CPU
		{7623DDC1-47E5-450F-A89F-7E82CFCB0F9C}.Debug|Any CPU.Build.0 = Debug|Any CPU
		{7623DDC1-47E5-450F-A89F-7E82CFCB0F9C}.Debug|Any CPU.Deploy.0 = Debug|Any CPU
		{7623DDC1-47E5-450F-A89F-7E82CFCB0F9C}.Debug|ARM.ActiveCfg = Debug|Any CPU
		{7623DDC1-47E5-450F-A89F-7E82CFCB0F9C}.Debug|ARM.Build.0 = Debug|Any CPU
		{7623DDC1-47E5-450F-A89F-7E82CFCB0F9C}.Debug|ARM.Deploy.0 = Debug|Any CPU
		{7623DDC1-47E5-450F-A89F-7E82CFCB0F9C}.Debug|iPhone.ActiveCfg = Debug|Any CPU
		{7623DDC1-47E5-450F-A89F-7E82CFCB0F9C}.Debug|iPhone.Build.0 = Debug|Any CPU
		{7623DDC1-47E5-450F-A89F-7E82CFCB0F9C}.Debug|iPhone.Deploy.0 = Debug|Any CPU
		{7623DDC1-47E5-450F-A89F-7E82CFCB0F9C}.Debug|iPhoneSimulator.ActiveCfg = Debug|Any CPU
		{7623DDC1-47E5-450F-A89F-7E82CFCB0F9C}.Debug|iPhoneSimulator.Build.0 = Debug|Any CPU
		{7623DDC1-47E5-450F-A89F-7E82CFCB0F9C}.Debug|iPhoneSimulator.Deploy.0 = Debug|Any CPU
		{7623DDC1-47E5-450F-A89F-7E82CFCB0F9C}.Debug|x64.ActiveCfg = Debug|Any CPU
		{7623DDC1-47E5-450F-A89F-7E82CFCB0F9C}.Debug|x64.Build.0 = Debug|Any CPU
		{7623DDC1-47E5-450F-A89F-7E82CFCB0F9C}.Debug|x64.Deploy.0 = Debug|Any CPU
		{7623DDC1-47E5-450F-A89F-7E82CFCB0F9C}.Debug|x86.ActiveCfg = Debug|Any CPU
		{7623DDC1-47E5-450F-A89F-7E82CFCB0F9C}.Debug|x86.Build.0 = Debug|Any CPU
		{7623DDC1-47E5-450F-A89F-7E82CFCB0F9C}.Debug|x86.Deploy.0 = Debug|Any CPU
		{7623DDC1-47E5-450F-A89F-7E82CFCB0F9C}.Release|Any CPU.ActiveCfg = Release|Any CPU
		{7623DDC1-47E5-450F-A89F-7E82CFCB0F9C}.Release|Any CPU.Build.0 = Release|Any CPU
		{7623DDC1-47E5-450F-A89F-7E82CFCB0F9C}.Release|Any CPU.Deploy.0 = Release|Any CPU
		{7623DDC1-47E5-450F-A89F-7E82CFCB0F9C}.Release|ARM.ActiveCfg = Release|Any CPU
		{7623DDC1-47E5-450F-A89F-7E82CFCB0F9C}.Release|ARM.Build.0 = Release|Any CPU
		{7623DDC1-47E5-450F-A89F-7E82CFCB0F9C}.Release|ARM.Deploy.0 = Release|Any CPU
		{7623DDC1-47E5-450F-A89F-7E82CFCB0F9C}.Release|iPhone.ActiveCfg = Release|Any CPU
		{7623DDC1-47E5-450F-A89F-7E82CFCB0F9C}.Release|iPhone.Build.0 = Release|Any CPU
		{7623DDC1-47E5-450F-A89F-7E82CFCB0F9C}.Release|iPhone.Deploy.0 = Release|Any CPU
		{7623DDC1-47E5-450F-A89F-7E82CFCB0F9C}.Release|iPhoneSimulator.ActiveCfg = Release|Any CPU
		{7623DDC1-47E5-450F-A89F-7E82CFCB0F9C}.Release|iPhoneSimulator.Build.0 = Release|Any CPU
		{7623DDC1-47E5-450F-A89F-7E82CFCB0F9C}.Release|iPhoneSimulator.Deploy.0 = Release|Any CPU
		{7623DDC1-47E5-450F-A89F-7E82CFCB0F9C}.Release|x64.ActiveCfg = Release|Any CPU
		{7623DDC1-47E5-450F-A89F-7E82CFCB0F9C}.Release|x64.Build.0 = Release|Any CPU
		{7623DDC1-47E5-450F-A89F-7E82CFCB0F9C}.Release|x64.Deploy.0 = Release|Any CPU
		{7623DDC1-47E5-450F-A89F-7E82CFCB0F9C}.Release|x86.ActiveCfg = Release|Any CPU
		{7623DDC1-47E5-450F-A89F-7E82CFCB0F9C}.Release|x86.Build.0 = Release|Any CPU
		{7623DDC1-47E5-450F-A89F-7E82CFCB0F9C}.Release|x86.Deploy.0 = Release|Any CPU
		{ED6E6D30-9A26-49BD-A7DB-ECA2BEA20A0B}.Ad-Hoc|Any CPU.ActiveCfg = Ad-Hoc|iPhone
		{ED6E6D30-9A26-49BD-A7DB-ECA2BEA20A0B}.Ad-Hoc|Any CPU.Build.0 = Ad-Hoc|iPhone
		{ED6E6D30-9A26-49BD-A7DB-ECA2BEA20A0B}.Ad-Hoc|Any CPU.Deploy.0 = Ad-Hoc|iPhone
		{ED6E6D30-9A26-49BD-A7DB-ECA2BEA20A0B}.Ad-Hoc|ARM.ActiveCfg = Ad-Hoc|iPhone
		{ED6E6D30-9A26-49BD-A7DB-ECA2BEA20A0B}.Ad-Hoc|ARM.Build.0 = Ad-Hoc|iPhone
		{ED6E6D30-9A26-49BD-A7DB-ECA2BEA20A0B}.Ad-Hoc|ARM.Deploy.0 = Ad-Hoc|iPhone
		{ED6E6D30-9A26-49BD-A7DB-ECA2BEA20A0B}.Ad-Hoc|iPhone.ActiveCfg = Ad-Hoc|iPhone
		{ED6E6D30-9A26-49BD-A7DB-ECA2BEA20A0B}.Ad-Hoc|iPhone.Build.0 = Ad-Hoc|iPhone
		{ED6E6D30-9A26-49BD-A7DB-ECA2BEA20A0B}.Ad-Hoc|iPhone.Deploy.0 = Ad-Hoc|iPhone
		{ED6E6D30-9A26-49BD-A7DB-ECA2BEA20A0B}.Ad-Hoc|iPhoneSimulator.ActiveCfg = Ad-Hoc|iPhoneSimulator
		{ED6E6D30-9A26-49BD-A7DB-ECA2BEA20A0B}.Ad-Hoc|iPhoneSimulator.Build.0 = Ad-Hoc|iPhoneSimulator
		{ED6E6D30-9A26-49BD-A7DB-ECA2BEA20A0B}.Ad-Hoc|iPhoneSimulator.Deploy.0 = Ad-Hoc|iPhoneSimulator
		{ED6E6D30-9A26-49BD-A7DB-ECA2BEA20A0B}.Ad-Hoc|x64.ActiveCfg = Ad-Hoc|iPhone
		{ED6E6D30-9A26-49BD-A7DB-ECA2BEA20A0B}.Ad-Hoc|x64.Build.0 = Ad-Hoc|iPhone
		{ED6E6D30-9A26-49BD-A7DB-ECA2BEA20A0B}.Ad-Hoc|x64.Deploy.0 = Ad-Hoc|iPhone
		{ED6E6D30-9A26-49BD-A7DB-ECA2BEA20A0B}.Ad-Hoc|x86.ActiveCfg = Ad-Hoc|iPhone
		{ED6E6D30-9A26-49BD-A7DB-ECA2BEA20A0B}.Ad-Hoc|x86.Build.0 = Ad-Hoc|iPhone
		{ED6E6D30-9A26-49BD-A7DB-ECA2BEA20A0B}.Ad-Hoc|x86.Deploy.0 = Ad-Hoc|iPhone
		{ED6E6D30-9A26-49BD-A7DB-ECA2BEA20A0B}.AppStore|Any CPU.ActiveCfg = AppStore|iPhone
		{ED6E6D30-9A26-49BD-A7DB-ECA2BEA20A0B}.AppStore|Any CPU.Build.0 = AppStore|iPhone
		{ED6E6D30-9A26-49BD-A7DB-ECA2BEA20A0B}.AppStore|Any CPU.Deploy.0 = AppStore|iPhone
		{ED6E6D30-9A26-49BD-A7DB-ECA2BEA20A0B}.AppStore|ARM.ActiveCfg = AppStore|iPhone
		{ED6E6D30-9A26-49BD-A7DB-ECA2BEA20A0B}.AppStore|ARM.Build.0 = AppStore|iPhone
		{ED6E6D30-9A26-49BD-A7DB-ECA2BEA20A0B}.AppStore|ARM.Deploy.0 = AppStore|iPhone
		{ED6E6D30-9A26-49BD-A7DB-ECA2BEA20A0B}.AppStore|iPhone.ActiveCfg = AppStore|iPhone
		{ED6E6D30-9A26-49BD-A7DB-ECA2BEA20A0B}.AppStore|iPhone.Build.0 = AppStore|iPhone
		{ED6E6D30-9A26-49BD-A7DB-ECA2BEA20A0B}.AppStore|iPhone.Deploy.0 = AppStore|iPhone
		{ED6E6D30-9A26-49BD-A7DB-ECA2BEA20A0B}.AppStore|iPhoneSimulator.ActiveCfg = AppStore|iPhoneSimulator
		{ED6E6D30-9A26-49BD-A7DB-ECA2BEA20A0B}.AppStore|iPhoneSimulator.Build.0 = AppStore|iPhoneSimulator
		{ED6E6D30-9A26-49BD-A7DB-ECA2BEA20A0B}.AppStore|iPhoneSimulator.Deploy.0 = AppStore|iPhoneSimulator
		{ED6E6D30-9A26-49BD-A7DB-ECA2BEA20A0B}.AppStore|x64.ActiveCfg = AppStore|iPhone
		{ED6E6D30-9A26-49BD-A7DB-ECA2BEA20A0B}.AppStore|x64.Build.0 = AppStore|iPhone
		{ED6E6D30-9A26-49BD-A7DB-ECA2BEA20A0B}.AppStore|x64.Deploy.0 = AppStore|iPhone
		{ED6E6D30-9A26-49BD-A7DB-ECA2BEA20A0B}.AppStore|x86.ActiveCfg = AppStore|iPhone
		{ED6E6D30-9A26-49BD-A7DB-ECA2BEA20A0B}.AppStore|x86.Build.0 = AppStore|iPhone
		{ED6E6D30-9A26-49BD-A7DB-ECA2BEA20A0B}.AppStore|x86.Deploy.0 = AppStore|iPhone
		{ED6E6D30-9A26-49BD-A7DB-ECA2BEA20A0B}.Debug|Any CPU.ActiveCfg = Debug|iPhoneSimulator
		{ED6E6D30-9A26-49BD-A7DB-ECA2BEA20A0B}.Debug|Any CPU.Build.0 = Debug|iPhoneSimulator
		{ED6E6D30-9A26-49BD-A7DB-ECA2BEA20A0B}.Debug|Any CPU.Deploy.0 = Debug|iPhoneSimulator
		{ED6E6D30-9A26-49BD-A7DB-ECA2BEA20A0B}.Debug|ARM.ActiveCfg = Debug|iPhone
		{ED6E6D30-9A26-49BD-A7DB-ECA2BEA20A0B}.Debug|ARM.Build.0 = Debug|iPhone
		{ED6E6D30-9A26-49BD-A7DB-ECA2BEA20A0B}.Debug|ARM.Deploy.0 = Debug|iPhone
		{ED6E6D30-9A26-49BD-A7DB-ECA2BEA20A0B}.Debug|iPhone.ActiveCfg = Debug|iPhone
		{ED6E6D30-9A26-49BD-A7DB-ECA2BEA20A0B}.Debug|iPhone.Build.0 = Debug|iPhone
		{ED6E6D30-9A26-49BD-A7DB-ECA2BEA20A0B}.Debug|iPhone.Deploy.0 = Debug|iPhone
		{ED6E6D30-9A26-49BD-A7DB-ECA2BEA20A0B}.Debug|iPhoneSimulator.ActiveCfg = Debug|iPhoneSimulator
		{ED6E6D30-9A26-49BD-A7DB-ECA2BEA20A0B}.Debug|iPhoneSimulator.Build.0 = Debug|iPhoneSimulator
		{ED6E6D30-9A26-49BD-A7DB-ECA2BEA20A0B}.Debug|iPhoneSimulator.Deploy.0 = Debug|iPhoneSimulator
		{ED6E6D30-9A26-49BD-A7DB-ECA2BEA20A0B}.Debug|x64.ActiveCfg = Debug|iPhone
		{ED6E6D30-9A26-49BD-A7DB-ECA2BEA20A0B}.Debug|x64.Build.0 = Debug|iPhone
		{ED6E6D30-9A26-49BD-A7DB-ECA2BEA20A0B}.Debug|x64.Deploy.0 = Debug|iPhone
		{ED6E6D30-9A26-49BD-A7DB-ECA2BEA20A0B}.Debug|x86.ActiveCfg = Debug|iPhone
		{ED6E6D30-9A26-49BD-A7DB-ECA2BEA20A0B}.Debug|x86.Build.0 = Debug|iPhone
		{ED6E6D30-9A26-49BD-A7DB-ECA2BEA20A0B}.Debug|x86.Deploy.0 = Debug|iPhone
		{ED6E6D30-9A26-49BD-A7DB-ECA2BEA20A0B}.Release|Any CPU.ActiveCfg = Release|iPhone
		{ED6E6D30-9A26-49BD-A7DB-ECA2BEA20A0B}.Release|Any CPU.Build.0 = Release|iPhone
		{ED6E6D30-9A26-49BD-A7DB-ECA2BEA20A0B}.Release|Any CPU.Deploy.0 = Release|iPhone
		{ED6E6D30-9A26-49BD-A7DB-ECA2BEA20A0B}.Release|ARM.ActiveCfg = Release|iPhone
		{ED6E6D30-9A26-49BD-A7DB-ECA2BEA20A0B}.Release|ARM.Build.0 = Release|iPhone
		{ED6E6D30-9A26-49BD-A7DB-ECA2BEA20A0B}.Release|ARM.Deploy.0 = Release|iPhone
		{ED6E6D30-9A26-49BD-A7DB-ECA2BEA20A0B}.Release|iPhone.ActiveCfg = Release|iPhone
		{ED6E6D30-9A26-49BD-A7DB-ECA2BEA20A0B}.Release|iPhone.Build.0 = Release|iPhone
		{ED6E6D30-9A26-49BD-A7DB-ECA2BEA20A0B}.Release|iPhone.Deploy.0 = Release|iPhone
		{ED6E6D30-9A26-49BD-A7DB-ECA2BEA20A0B}.Release|iPhoneSimulator.ActiveCfg = Release|iPhoneSimulator
		{ED6E6D30-9A26-49BD-A7DB-ECA2BEA20A0B}.Release|iPhoneSimulator.Build.0 = Release|iPhoneSimulator
		{ED6E6D30-9A26-49BD-A7DB-ECA2BEA20A0B}.Release|iPhoneSimulator.Deploy.0 = Release|iPhoneSimulator
		{ED6E6D30-9A26-49BD-A7DB-ECA2BEA20A0B}.Release|x64.ActiveCfg = Release|iPhone
		{ED6E6D30-9A26-49BD-A7DB-ECA2BEA20A0B}.Release|x64.Build.0 = Release|iPhone
		{ED6E6D30-9A26-49BD-A7DB-ECA2BEA20A0B}.Release|x64.Deploy.0 = Release|iPhone
		{ED6E6D30-9A26-49BD-A7DB-ECA2BEA20A0B}.Release|x86.ActiveCfg = Release|iPhone
		{ED6E6D30-9A26-49BD-A7DB-ECA2BEA20A0B}.Release|x86.Build.0 = Release|iPhone
		{ED6E6D30-9A26-49BD-A7DB-ECA2BEA20A0B}.Release|x86.Deploy.0 = Release|iPhone
		{42FA296F-8028-400C-BD74-73595C9A65B2}.Ad-Hoc|Any CPU.ActiveCfg = Release|x86
		{42FA296F-8028-400C-BD74-73595C9A65B2}.Ad-Hoc|Any CPU.Build.0 = Release|x86
		{42FA296F-8028-400C-BD74-73595C9A65B2}.Ad-Hoc|Any CPU.Deploy.0 = Release|x86
		{42FA296F-8028-400C-BD74-73595C9A65B2}.Ad-Hoc|ARM.ActiveCfg = Release|ARM
		{42FA296F-8028-400C-BD74-73595C9A65B2}.Ad-Hoc|ARM.Build.0 = Release|ARM
		{42FA296F-8028-400C-BD74-73595C9A65B2}.Ad-Hoc|ARM.Deploy.0 = Release|ARM
		{42FA296F-8028-400C-BD74-73595C9A65B2}.Ad-Hoc|iPhone.ActiveCfg = Release|x86
		{42FA296F-8028-400C-BD74-73595C9A65B2}.Ad-Hoc|iPhone.Build.0 = Release|x86
		{42FA296F-8028-400C-BD74-73595C9A65B2}.Ad-Hoc|iPhone.Deploy.0 = Release|x86
		{42FA296F-8028-400C-BD74-73595C9A65B2}.Ad-Hoc|iPhoneSimulator.ActiveCfg = Release|x86
		{42FA296F-8028-400C-BD74-73595C9A65B2}.Ad-Hoc|iPhoneSimulator.Build.0 = Release|x86
		{42FA296F-8028-400C-BD74-73595C9A65B2}.Ad-Hoc|iPhoneSimulator.Deploy.0 = Release|x86
		{42FA296F-8028-400C-BD74-73595C9A65B2}.Ad-Hoc|x64.ActiveCfg = Release|x64
		{42FA296F-8028-400C-BD74-73595C9A65B2}.Ad-Hoc|x64.Build.0 = Release|x64
		{42FA296F-8028-400C-BD74-73595C9A65B2}.Ad-Hoc|x64.Deploy.0 = Release|x64
		{42FA296F-8028-400C-BD74-73595C9A65B2}.Ad-Hoc|x86.ActiveCfg = Release|x86
		{42FA296F-8028-400C-BD74-73595C9A65B2}.Ad-Hoc|x86.Build.0 = Release|x86
		{42FA296F-8028-400C-BD74-73595C9A65B2}.Ad-Hoc|x86.Deploy.0 = Release|x86
		{42FA296F-8028-400C-BD74-73595C9A65B2}.AppStore|Any CPU.ActiveCfg = Release|x86
		{42FA296F-8028-400C-BD74-73595C9A65B2}.AppStore|Any CPU.Build.0 = Release|x86
		{42FA296F-8028-400C-BD74-73595C9A65B2}.AppStore|Any CPU.Deploy.0 = Release|x86
		{42FA296F-8028-400C-BD74-73595C9A65B2}.AppStore|ARM.ActiveCfg = Release|ARM
		{42FA296F-8028-400C-BD74-73595C9A65B2}.AppStore|ARM.Build.0 = Release|ARM
		{42FA296F-8028-400C-BD74-73595C9A65B2}.AppStore|ARM.Deploy.0 = Release|ARM
		{42FA296F-8028-400C-BD74-73595C9A65B2}.AppStore|iPhone.ActiveCfg = Release|x86
		{42FA296F-8028-400C-BD74-73595C9A65B2}.AppStore|iPhone.Build.0 = Release|x86
		{42FA296F-8028-400C-BD74-73595C9A65B2}.AppStore|iPhone.Deploy.0 = Release|x86
		{42FA296F-8028-400C-BD74-73595C9A65B2}.AppStore|iPhoneSimulator.ActiveCfg = Release|x86
		{42FA296F-8028-400C-BD74-73595C9A65B2}.AppStore|iPhoneSimulator.Build.0 = Release|x86
		{42FA296F-8028-400C-BD74-73595C9A65B2}.AppStore|iPhoneSimulator.Deploy.0 = Release|x86
		{42FA296F-8028-400C-BD74-73595C9A65B2}.AppStore|x64.ActiveCfg = Release|x64
		{42FA296F-8028-400C-BD74-73595C9A65B2}.AppStore|x64.Build.0 = Release|x64
		{42FA296F-8028-400C-BD74-73595C9A65B2}.AppStore|x64.Deploy.0 = Release|x64
		{42FA296F-8028-400C-BD74-73595C9A65B2}.AppStore|x86.ActiveCfg = Release|x86
		{42FA296F-8028-400C-BD74-73595C9A65B2}.AppStore|x86.Build.0 = Release|x86
		{42FA296F-8028-400C-BD74-73595C9A65B2}.AppStore|x86.Deploy.0 = Release|x86
		{42FA296F-8028-400C-BD74-73595C9A65B2}.Debug|Any CPU.ActiveCfg = Debug|x86
		{42FA296F-8028-400C-BD74-73595C9A65B2}.Debug|Any CPU.Build.0 = Debug|x86
		{42FA296F-8028-400C-BD74-73595C9A65B2}.Debug|Any CPU.Deploy.0 = Debug|x86
		{42FA296F-8028-400C-BD74-73595C9A65B2}.Debug|ARM.ActiveCfg = Debug|ARM
		{42FA296F-8028-400C-BD74-73595C9A65B2}.Debug|ARM.Build.0 = Debug|ARM
		{42FA296F-8028-400C-BD74-73595C9A65B2}.Debug|ARM.Deploy.0 = Debug|ARM
		{42FA296F-8028-400C-BD74-73595C9A65B2}.Debug|iPhone.ActiveCfg = Debug|x86
		{42FA296F-8028-400C-BD74-73595C9A65B2}.Debug|iPhone.Build.0 = Debug|x86
		{42FA296F-8028-400C-BD74-73595C9A65B2}.Debug|iPhone.Deploy.0 = Debug|x86
		{42FA296F-8028-400C-BD74-73595C9A65B2}.Debug|iPhoneSimulator.ActiveCfg = Debug|x86
		{42FA296F-8028-400C-BD74-73595C9A65B2}.Debug|iPhoneSimulator.Build.0 = Debug|x86
		{42FA296F-8028-400C-BD74-73595C9A65B2}.Debug|iPhoneSimulator.Deploy.0 = Debug|x86
		{42FA296F-8028-400C-BD74-73595C9A65B2}.Debug|x64.ActiveCfg = Debug|x64
		{42FA296F-8028-400C-BD74-73595C9A65B2}.Debug|x64.Build.0 = Debug|x64
		{42FA296F-8028-400C-BD74-73595C9A65B2}.Debug|x64.Deploy.0 = Debug|x64
		{42FA296F-8028-400C-BD74-73595C9A65B2}.Debug|x86.ActiveCfg = Debug|x86
		{42FA296F-8028-400C-BD74-73595C9A65B2}.Debug|x86.Build.0 = Debug|x86
		{42FA296F-8028-400C-BD74-73595C9A65B2}.Debug|x86.Deploy.0 = Debug|x86
		{42FA296F-8028-400C-BD74-73595C9A65B2}.Release|Any CPU.ActiveCfg = Release|x86
		{42FA296F-8028-400C-BD74-73595C9A65B2}.Release|Any CPU.Build.0 = Release|x86
		{42FA296F-8028-400C-BD74-73595C9A65B2}.Release|Any CPU.Deploy.0 = Release|x86
		{42FA296F-8028-400C-BD74-73595C9A65B2}.Release|ARM.ActiveCfg = Release|ARM
		{42FA296F-8028-400C-BD74-73595C9A65B2}.Release|ARM.Build.0 = Release|ARM
		{42FA296F-8028-400C-BD74-73595C9A65B2}.Release|ARM.Deploy.0 = Release|ARM
		{42FA296F-8028-400C-BD74-73595C9A65B2}.Release|iPhone.ActiveCfg = Release|x86
		{42FA296F-8028-400C-BD74-73595C9A65B2}.Release|iPhone.Build.0 = Release|x86
		{42FA296F-8028-400C-BD74-73595C9A65B2}.Release|iPhone.Deploy.0 = Release|x86
		{42FA296F-8028-400C-BD74-73595C9A65B2}.Release|iPhoneSimulator.ActiveCfg = Release|x86
		{42FA296F-8028-400C-BD74-73595C9A65B2}.Release|iPhoneSimulator.Build.0 = Release|x86
		{42FA296F-8028-400C-BD74-73595C9A65B2}.Release|iPhoneSimulator.Deploy.0 = Release|x86
		{42FA296F-8028-400C-BD74-73595C9A65B2}.Release|x64.ActiveCfg = Release|x64
		{42FA296F-8028-400C-BD74-73595C9A65B2}.Release|x64.Build.0 = Release|x64
		{42FA296F-8028-400C-BD74-73595C9A65B2}.Release|x64.Deploy.0 = Release|x64
		{42FA296F-8028-400C-BD74-73595C9A65B2}.Release|x86.ActiveCfg = Release|x86
		{42FA296F-8028-400C-BD74-73595C9A65B2}.Release|x86.Build.0 = Release|x86
		{42FA296F-8028-400C-BD74-73595C9A65B2}.Release|x86.Deploy.0 = Release|x86
	EndGlobalSection
	GlobalSection(SolutionProperties) = preSolution
		HideSolutionNode = FALSE
	EndGlobalSection
	GlobalSection(ExtensibilityGlobals) = postSolution
		SolutionGuid = {CD1CDA55-EDA3-442B-B033-A1705989DB1C}
	EndGlobalSection
EndGlobal
